# THIS IS AN AUTOGENERATED FILE. DO NOT EDIT THIS FILE DIRECTLY.
# yarn lockfile v1


"@fortawesome/fontawesome-free@^5.15.4":
  version "5.15.4"
  resolved "https://registry.yarnpkg.com/@fortawesome/fontawesome-free/-/fontawesome-free-5.15.4.tgz#ecda5712b61ac852c760d8b3c79c96adca5554e5"
  integrity sha512-eYm8vijH/hpzr/6/1CJ/V/Eb1xQFW2nnUKArb3z+yUWv7HTwj6M7SP957oMjfZjAHU6qpoNc2wQvIxBLWYa/Jg==

bootstrap@^3:
  version "3.4.1"
  resolved "https://registry.yarnpkg.com/bootstrap/-/bootstrap-3.4.1.tgz#c3a347d419e289ad11f4033e3c4132b87c081d72"
  integrity sha512-yN5oZVmRCwe5aKwzRj6736nSmKDX7pLYwsXiCj/EYmo16hODaBiT4En5btW/jhBF/seV+XMx3aYwukYC3A49DA==

jquery@^3.5.1:
  version "3.6.0"
  resolved "https://registry.yarnpkg.com/jquery/-/jquery-3.6.0.tgz#c72a09f15c1bdce142f49dbf1170bdf8adac2470"
  integrity sha512-JVzAR/AjBvVt2BmYhxRCSYysDsPcssdmTFnzyLEts9qNwmjmu4JTAMYubEfwVOSwpQ1I1sKKFcxhZCI2buerfw==

spectrum-colorpicker2@^2.0.8:
  version "2.0.8"
  resolved "https://registry.yarnpkg.com/spectrum-colorpicker2/-/spectrum-colorpicker2-2.0.8.tgz#674faef7e1ca05d9339b33fa00061a0bc3517c25"
  integrity sha512-z8Wlww/SgRbMgwgljfPxA3HNJMRQ0PRKB9ef0bKVDB1EeSR+MsC0KuOjt9H/R/CdAIoBmvKJEfIAvWS4PQpL0Q==

vue-select@^3.13.0:
  version "3.13.0"
  resolved "https://registry.yarnpkg.com/vue-select/-/vue-select-3.13.0.tgz#78d519984139156adcbf56af260fb6c2a69093a6"
  integrity sha512-+PcWtfA1i3WVtkVwBPQknnOZL6QWSD2XiAVbSn0xAQvjOrmGAg7z+o9HkezXhtGdEstloJOdM8SujrUVyphKqg==

vue@^2.6.14:
  version "2.6.14"
  resolved "https://registry.yarnpkg.com/vue/-/vue-2.6.14.tgz#e51aa5250250d569a3fbad3a8a5a687d6036e235"
  integrity sha512-x2284lgYvjOMj3Za7kqzRcUSxBboHqtgRE2zlos1qWaOye5yUmHn42LB1250NJBLRwEcdrB0JRwyPTEPhfQjiQ==
