# THIS IS AN AUTOGENERATED FILE. DO NOT EDIT THIS FILE DIRECTLY.
# yarn lockfile v1


"@fortawesome/fontawesome-free@^5.15.4":
  version "5.15.4"
  resolved "https://registry.yarnpkg.com/@fortawesome/fontawesome-free/-/fontawesome-free-5.15.4.tgz#ecda5712b61ac852c760d8b3c79c96adca5554e5"
  integrity sha512-eYm8vijH/hpzr/6/1CJ/V/Eb1xQFW2nnUKArb3z+yUWv7HTwj6M7SP957oMjfZjAHU6qpoNc2wQvIxBLWYa/Jg==

"@types/geojson@*":
  version "7946.0.8"
  resolved "https://registry.yarnpkg.com/@types/geojson/-/geojson-7946.0.8.tgz#30744afdb385e2945e22f3b033f897f76b1f12ca"
  integrity sha512-1rkryxURpr6aWP7R786/UQOkJ3PcpQiWkAXBmdWc7ryFWqN6a4xfK7BtjXvFBKO9LjQ+MWQSWxYeZX1OApnArA==

a-sync-waterfall@^1.0.0:
  version "1.0.1"
  resolved "https://registry.yarnpkg.com/a-sync-waterfall/-/a-sync-waterfall-1.0.1.tgz#75b6b6aa72598b497a125e7a2770f14f4c8a1fa7"
  integrity sha512-RYTOHHdWipFUliRFMCS4X2Yn2X8M87V/OpSqWzKKOGhzqyUxzyVmhHDH9sAvG+ZuQf/TAOFsLCpMw09I1ufUnA==

asap@^2.0.3:
  version "2.0.6"
  resolved "https://registry.yarnpkg.com/asap/-/asap-2.0.6.tgz#e50347611d7e690943208bbdafebcbc2fb866d46"
  integrity sha1-5QNHYR1+aQlDIIu9r+vLwvuGbUY=

bootstrap-datepicker@^1.9.0:
  version "1.9.0"
  resolved "https://registry.yarnpkg.com/bootstrap-datepicker/-/bootstrap-datepicker-1.9.0.tgz#e4bfce3fcce1967876b21dc6833ec5994aaed090"
  integrity sha512-9rYYbaVOheGYxjOr/+bJCmRPihfy+LkLSg4fIFMT9Od8WwWB/MB50w0JO1eBgKUMbb7PFHQD5uAfI3ArAxZRXA==
  dependencies:
    jquery ">=1.7.1 <4.0.0"

bootstrap@^3:
  version "3.4.1"
  resolved "https://registry.yarnpkg.com/bootstrap/-/bootstrap-3.4.1.tgz#c3a347d419e289ad11f4033e3c4132b87c081d72"
  integrity sha512-yN5oZVmRCwe5aKwzRj6736nSmKDX7pLYwsXiCj/EYmo16hODaBiT4En5btW/jhBF/seV+XMx3aYwukYC3A49DA==

commander@^5.1.0:
  version "5.1.0"
  resolved "https://registry.yarnpkg.com/commander/-/commander-5.1.0.tgz#46abbd1652f8e059bddaef99bbdcb2ad9cf179ae"
  integrity sha512-P0CysNDQ7rtVw4QIQtm+MRxV66vKFSvlsQvGYXZWR3qFU0jlMKHZZZgw8e+8DSah4UDKMqnknRDQz+xuQXQ/Zg==

commonmark@^0.29.0:
  version "0.29.3"
  resolved "https://registry.yarnpkg.com/commonmark/-/commonmark-0.29.3.tgz#bb1d5733bfe3ea213b412f33f16439cc12999c2c"
  integrity sha512-fvt/NdOFKaL2gyhltSy6BC4LxbbxbnPxBMl923ittqO/JBM0wQHaoYZliE4tp26cRxX/ZZtRsJlZzQrVdUkXAA==
  dependencies:
    entities "~2.0"
    mdurl "~1.0.1"
    minimist ">=1.2.2"
    string.prototype.repeat "^0.2.0"

cross-fetch@^3.0.0:
  version "3.1.5"
  resolved "https://registry.yarnpkg.com/cross-fetch/-/cross-fetch-3.1.5.tgz#e1389f44d9e7ba767907f7af8454787952ab534f"
  integrity sha512-lvb1SBsI0Z7GDwmuid+mU3kWVBwTVUbe7S0H52yaaAdQOXq2YktTCZdlAcNKFzE6QtRz0snpw9bNiPeOIkkQvw==
  dependencies:
    node-fetch "2.6.7"

d@1, d@^1.0.1:
  version "1.0.1"
  resolved "https://registry.yarnpkg.com/d/-/d-1.0.1.tgz#8698095372d58dbee346ffd0c7093f99f8f9eb5a"
  integrity sha512-m62ShEObQ39CfralilEQRjH6oAMtNCV1xJyEx5LpRYUVN+EviphDgUc/F3hnYbADmkiNs67Y+3ylmlG7Lnu+FA==
  dependencies:
    es5-ext "^0.10.50"
    type "^1.0.1"

datatables.net-bs@>=1.11.3, datatables.net-bs@^1.10.15, datatables.net-bs@^1.11.3:
  version "1.11.3"
  resolved "https://registry.yarnpkg.com/datatables.net-bs/-/datatables.net-bs-1.11.3.tgz#4bca92330474733e0936db631fc12021f257a095"
  integrity sha512-Db1YwAhO0QAWQbZTsKriUrOInT66+xaA+fV616KTKpQt5Zt+p6OsEKK+xv8LxLgG8qu5dPwMBlkhqSiS/hV2sg==
  dependencies:
    datatables.net ">=1.10.25"
    jquery ">=1.7"

datatables.net-buttons-bs@^2.2.1:
  version "2.2.1"
  resolved "https://registry.yarnpkg.com/datatables.net-buttons-bs/-/datatables.net-buttons-bs-2.2.1.tgz#f2038b9fb6dc4f15d80cf0d6c13373dd14f654c4"
  integrity sha512-tVAqZbGULoHo+XbnDJuYjx/RSFc+WZgghY/5O3c2WxtZ7UFXqnKYj9YG1c3NaZlz/73Xjz4eaI10i73Da+fvkA==
  dependencies:
    datatables.net-bs ">=1.11.3"
    datatables.net-buttons ">=2.0.1"
    jquery ">=1.7"

datatables.net-buttons@>=2.0.1:
  version "2.2.1"
  resolved "https://registry.yarnpkg.com/datatables.net-buttons/-/datatables.net-buttons-2.2.1.tgz#4f4b1ca8b1175b035e15f91dd08330daf592ad7d"
  integrity sha512-eZQyt5TElvs3QLsLfDCVR6v60g1wff6fAXPTCm5TzJkCAI/vsRLpv0ZRRc9wKW35LsdkaXBBya5vqY/1wzhcJQ==
  dependencies:
    datatables.net ">=1.11.3"
    jquery ">=1.7"

datatables.net-fixedheader-bs@^3.2.1:
  version "3.2.1"
  resolved "https://registry.yarnpkg.com/datatables.net-fixedheader-bs/-/datatables.net-fixedheader-bs-3.2.1.tgz#6185fab7b653536f0cf7baccfe0ef04b1d7afb72"
  integrity sha512-fouN8GUMmyQJp3Hv6T37iUeTjEfqAooQuxXJX+zJAvVHse/8AaNmF7zCW6N12rO4VGFUfv+Bye68bRZPCSXOcA==
  dependencies:
    datatables.net-bs ">=1.11.3"
    datatables.net-fixedheader ">=3.2.0"
    jquery ">=1.7"

datatables.net-fixedheader@>=3.2.0:
  version "3.2.1"
  resolved "https://registry.yarnpkg.com/datatables.net-fixedheader/-/datatables.net-fixedheader-3.2.1.tgz#e9de52f558e95f73ecb475636ed18fab672d0425"
  integrity sha512-YevlayIayvv8OKim3pduz4q9yY2IylrpIrHfb/DbL63gf4kDqj4s84fG5wsBHNUCoDhT1mvxhSPz2rWXDvym+g==
  dependencies:
    datatables.net ">=1.11.3"
    jquery ">=1.7"

datatables.net-responsive-bs@^2.2.9:
  version "2.2.9"
  resolved "https://registry.yarnpkg.com/datatables.net-responsive-bs/-/datatables.net-responsive-bs-2.2.9.tgz#8772813fbee32e2ea023f4ea85b6d37ccb5f725d"
  integrity sha512-Rwpy94e2G4G8OC1X8WXwtyRTPlWTGNzJqOeQOHg2JVuGQwqy2QAPYVE3f2fonHyQSsAucoNf/18cBYCnY4xPPQ==
  dependencies:
    datatables.net-bs "^1.10.15"
    datatables.net-responsive "2.2.9"
    jquery ">=1.7"

datatables.net-responsive@2.2.9:
  version "2.2.9"
  resolved "https://registry.yarnpkg.com/datatables.net-responsive/-/datatables.net-responsive-2.2.9.tgz#846d4436691b13261e8e436dc988affe4d262f36"
  integrity sha512-C+mOY/mG17zzaYPtgqAOsC4JlGddGkKmO/ADNEtNZ41bcPV1/3jJzkOWT3DCZ400NmkXLDz4WObWlPT8WCgfzg==
  dependencies:
    datatables.net "^1.10.15"
    jquery ">=1.7"

datatables.net@>=1.10.25, datatables.net@>=1.11.3, datatables.net@^1.10.15:
  version "1.11.3"
  resolved "https://registry.yarnpkg.com/datatables.net/-/datatables.net-1.11.3.tgz#80e691036efcd62467558ee64c07dd566cb761b4"
  integrity sha512-VMj5qEaTebpNurySkM6jy6sGpl+s6onPK8xJhYr296R/vUBnz1+id16NVqNf9z5aR076OGcpGHCuiTuy4E05oQ==
  dependencies:
    jquery ">=1.7"

diff@^4.0.1:
  version "4.0.2"
  resolved "https://registry.yarnpkg.com/diff/-/diff-4.0.2.tgz#60f3aecb89d5fae520c11aa19efc2bb982aade7d"
  integrity sha512-58lmxKSA4BNyLz+HHMUzlOEpg09FV+ev6ZMe3vJihgdxzgcwZ8VoEEPmALCZG9LmqfVoNMMKpttIYTVG6uDY7A==

entities@~2.0:
  version "2.0.3"
  resolved "https://registry.yarnpkg.com/entities/-/entities-2.0.3.tgz#5c487e5742ab93c15abb5da22759b8590ec03b7f"
  integrity sha512-MyoZ0jgnLvB2X3Lg5HqpFmn1kybDiIfEQmKzTb5apr51Rb+T3KdmMiqa70T+bhGnyv7bQ6WMj2QMHpGMmlrUYQ==

es5-ext@^0.10.35, es5-ext@^0.10.50:
  version "0.10.53"
  resolved "https://registry.yarnpkg.com/es5-ext/-/es5-ext-0.10.53.tgz#93c5a3acfdbef275220ad72644ad02ee18368de1"
  integrity sha512-Xs2Stw6NiNHWypzRTY1MtaG/uJlwCk8kH81920ma8mvN8Xq1gsfhZvpkImLQArw8AHnv8MT2I45J3c0R8slE+Q==
  dependencies:
    es6-iterator "~2.0.3"
    es6-symbol "~3.1.3"
    next-tick "~1.0.0"

es6-iterator@~2.0.3:
  version "2.0.3"
  resolved "https://registry.yarnpkg.com/es6-iterator/-/es6-iterator-2.0.3.tgz#a7de889141a05a94b0854403b2d0a0fbfa98f3b7"
  integrity sha1-p96IkUGgWpSwhUQDstCg+/qY87c=
  dependencies:
    d "1"
    es5-ext "^0.10.35"
    es6-symbol "^3.1.1"

es6-symbol@^3.1.0, es6-symbol@^3.1.1, es6-symbol@~3.1.3:
  version "3.1.3"
  resolved "https://registry.yarnpkg.com/es6-symbol/-/es6-symbol-3.1.3.tgz#bad5d3c1bcdac28269f4cb331e431c78ac705d18"
  integrity sha512-NJ6Yn3FuDinBaBRWl/q5X/s4koRHBrgKAu+yGI6JCBeiu3qrcbJhwT2GeR/EXVfylRk8dpQVJoLEFhK+Mu31NA==
  dependencies:
    d "^1.0.1"
    ext "^1.1.2"

ext@^1.1.2:
  version "1.6.0"
  resolved "https://registry.yarnpkg.com/ext/-/ext-1.6.0.tgz#3871d50641e874cc172e2b53f919842d19db4c52"
  integrity sha512-sdBImtzkq2HpkdRLtlLWDa6w4DX22ijZLKx8BMPUuKe1c5lbN6xwQDQCxSfxBQnHZ13ls/FH0MQZx/q/gr6FQg==
  dependencies:
    type "^2.5.0"

formBuilder@^3:
  version "3.7.3"
  resolved "https://registry.yarnpkg.com/formBuilder/-/formBuilder-3.7.3.tgz#65160f0269efe28f8cc9a201811861e964d276fd"
  integrity sha512-prSeP4i3rZY686G8Cgh4pfTYk2YUU/x+NrXwBUBIIdDi0W8pOPCdzp4DoypmRiF+GX+Z7KVXo8foF/Yf4i84zw==
  dependencies:
    jquery ">=3.4.1"
    jquery-ui-sortable "*"

formbuilder-languages@^1.1.0:
  version "1.1.0"
  resolved "https://registry.yarnpkg.com/formbuilder-languages/-/formbuilder-languages-1.1.0.tgz#af2193015ecc53afc2a595bdce079b49b5eefe6d"
  integrity sha512-IeccGyLBpNEJTPBx41eB995Bob1MKqqha3uahgPhJElIqMIxjRTGlwQvvfAjef1MXczAdxwDI3yY4AARhEn3qg==
  dependencies:
    mi18n "^0.4.8"

fullcalendar@^5.10.2:
  version "5.10.2"
  resolved "https://registry.yarnpkg.com/fullcalendar/-/fullcalendar-5.10.2.tgz#182cdfb285b8a36da652bd990e43655469304312"
  integrity sha512-a5qS3RaR5kRZyl5lVGJaPMQorY5hyuJvVONFwnQzNSqL32HZ9COq9ROuoaa/jSGcYqv57T7eRIvIgnu80qs7Nw==

gogocarto-js@^1.7.11:
  version "1.7.22"
  resolved "https://registry.yarnpkg.com/gogocarto-js/-/gogocarto-js-1.7.22.tgz#f8aa2efd8972b996d8902fa320ab875d3f7c96d3"
  integrity sha512-n9qWGNz9q3YOkss5Gwq13Q4RzoIBIpiRX6DiFrJadAFAQ7kqqrO5w/ghYSrzAhwlqZQCdFB866PLy90EJn6xug==
  dependencies:
    bootstrap-datepicker "^1.9.0"
    commonmark "^0.29.0"
    diff "^4.0.1"
    jquery "^3.6.0"
    leaflet "^1.7.1"
    leaflet.markercluster "git://github.com/seballot/Leaflet.markercluster.git"
    moment "^2.29.1"
    moment-range "^4.0.2"
    nouislider "^14.0.3"
    nunjucks "^3.2.0"
    tinycolor2 "^1.4.1"
    universal-geocoder "^0.14.2"

jquery-ui-sortable@*:
  version "1.0.0"
  resolved "https://registry.yarnpkg.com/jquery-ui-sortable/-/jquery-ui-sortable-1.0.0.tgz#0ee062ce02b29b36585ede3a3e0ddde666060f96"
  integrity sha1-DuBizgKymzZYXt46Pg3d5mYGD5Y=

jquery@>=1.7, "jquery@>=1.7.1 <4.0.0", jquery@>=3.4.1, jquery@^3.5.1, jquery@^3.6.0:
  version "3.6.0"
  resolved "https://registry.yarnpkg.com/jquery/-/jquery-3.6.0.tgz#c72a09f15c1bdce142f49dbf1170bdf8adac2470"
  integrity sha512-JVzAR/AjBvVt2BmYhxRCSYysDsPcssdmTFnzyLEts9qNwmjmu4JTAMYubEfwVOSwpQ1I1sKKFcxhZCI2buerfw==

leaflet-providers@^1.12.0:
  version "1.13.0"
  resolved "https://registry.yarnpkg.com/leaflet-providers/-/leaflet-providers-1.13.0.tgz#10c843a23d5823a65096d40ad53f27029e13434b"
  integrity sha512-f/sN5wdgBbVA2jcCYzScIfYNxKdn2wBJP9bu+5cRX9Xj6g8Bt1G9Sr8WgJAt/ckIFIc3LVVxCBNFpSCfTuUElg==

leaflet.fullscreen@^2.0.0:
  version "2.2.0"
  resolved "https://registry.yarnpkg.com/leaflet.fullscreen/-/leaflet.fullscreen-2.2.0.tgz#6843a0347c4212e9c5081ea9362843f4df2342ad"
  integrity sha512-qfL+vE6wRJX85aWNBag1Je5+W7niTtraFu4EkLIO6XSgN2pEsL/XefjOSIh/CFM00aaxbOpN6Rr2vZpvnpWWDQ==

leaflet.markercluster@^1.5.1:
  version "1.5.3"
  resolved "https://registry.yarnpkg.com/leaflet.markercluster/-/leaflet.markercluster-1.5.3.tgz#9cdb52a4eab92671832e1ef9899669e80efc4056"
  integrity sha512-vPTw/Bndq7eQHjLBVlWpnGeLa3t+3zGiuM7fJwCkiMFq+nmRuG3RI3f7f4N4TDX7T4NpbAXpR2+NTRSEGfCSeA==

"leaflet.markercluster@git://github.com/seballot/Leaflet.markercluster.git":
  version "1.5.4"
  resolved "git://github.com/seballot/Leaflet.markercluster.git#ed6137194b7a435bfeea4a29748b57428fb5be98"

leaflet@^1.7.1:
  version "1.7.1"
  resolved "https://registry.yarnpkg.com/leaflet/-/leaflet-1.7.1.tgz#10d684916edfe1bf41d688a3b97127c0322a2a19"
  integrity sha512-/xwPEBidtg69Q3HlqPdU3DnrXQOvQU/CCHA1tcDQVzOwm91YMYaILjNp7L4Eaw5Z4sOYdbBz6koWyibppd8Zqw==

mdurl@~1.0.1:
  version "1.0.1"
  resolved "https://registry.yarnpkg.com/mdurl/-/mdurl-1.0.1.tgz#fe85b2ec75a59037f2adfec100fd6c601761152e"
  integrity sha1-/oWy7HWlkDfyrf7BAP1sYBdhFS4=

mi18n@^0.4.8:
  version "0.4.8"
  resolved "https://registry.yarnpkg.com/mi18n/-/mi18n-0.4.8.tgz#b69c1fbd9dd47c3cc6b6c14e7decb51c1740c9f3"
  integrity sha512-T9H5fI0RIpAHBvWEe7xbQSMROhty7DBp5oWMhu/XKWqdbvTVgLzR5TEE2zIsAnIaC6HzZOTcR5FTQ40Pg552gw==
  dependencies:
    now "^11.5.2"

minimist@>=1.2.2, minimist@^1.2.6:
  version "1.2.6"
  resolved "https://registry.yarnpkg.com/minimist/-/minimist-1.2.6.tgz#8637a5b759ea0d6e98702cfb3a9283323c93af44"
  integrity sha512-Jsjnk4bw3YJqYzbdyBiNsPWHPfO++UGG749Cxs6peCu5Xg4nrena6OVxOYxrQTqww0Jmwt+Ref8rggumkTLz9Q==

moment-range@^4.0.2:
  version "4.0.2"
  resolved "https://registry.yarnpkg.com/moment-range/-/moment-range-4.0.2.tgz#f7c3863df2a1ed7fd1822ba5a7bcf53a78701be9"
  integrity sha512-n8sceWwSTjmz++nFHzeNEUsYtDqjgXgcOBzsHi+BoXQU2FW+eU92LUaK8gqOiSu5PG57Q9sYj1Fz4LRDj4FtKA==
  dependencies:
    es6-symbol "^3.1.0"

moment@^2.29.2, moment@^2.29.1:
  version "2.29.2"
  resolved "https://registry.yarnpkg.com/moment/-/moment-2.29.2.tgz#00910c60b20843bcba52d37d58c628b47b1f20e4"
  integrity sha512-UgzG4rvxYpN15jgCmVJwac49h9ly9NurikMWGPdVxm8GZD6XjkKPxDTjQQ43gtGgnV3X0cAyWDdP2Wexoquifg==

next-tick@~1.0.0:
  version "1.0.0"
  resolved "https://registry.yarnpkg.com/next-tick/-/next-tick-1.0.0.tgz#ca86d1fe8828169b0120208e3dc8424b9db8342c"
  integrity sha1-yobR/ogoFpsBICCOPchCS524NCw=

node-fetch@2.6.7, node-fetch@^2.6.7:
  version "2.6.7"
  resolved "https://registry.yarnpkg.com/node-fetch/-/node-fetch-2.6.7.tgz#24de9fba827e3b4ae44dc8b20256a379160052ad"
  integrity sha512-ZjMPFEfVx5j+y2yF35Kzx5sF7kDzxuDj6ziH4FFbOp87zKDZNx8yExJIb05OGF4Nlt9IHFIMBkRl41VdvcNdbQ==
  dependencies:
    whatwg-url "^5.0.0"

nouislider@^14.0.3:
  version "14.7.0"
  resolved "https://registry.yarnpkg.com/nouislider/-/nouislider-14.7.0.tgz#a71db0587c92567b6da1df57d251d3696d942362"
  integrity sha512-4RtQ1+LHJKesDCNJrXkQcwXAWCrC2aggdLYMstS/G5fEWL+fXZbUA9pwVNHFghMGuFGRATlDLNInRaPeRKzpFQ==

now@^11.5.2:
  version "11.5.2"
  resolved "https://registry.yarnpkg.com/now/-/now-11.5.2.tgz#d91f7f6665ebea5e3a9b96c72215aab2b81fe42e"
  integrity sha512-h1iL68uLLAFbunBZ4Qt+lN2lS5lN0WTsT1/ulqUGZ0CxgzxLj0iZL13+iNcBitdJmOAYO2reh08JUpkHlCIRHg==

nunjucks@^3.2.0:
  version "3.2.3"
  resolved "https://registry.yarnpkg.com/nunjucks/-/nunjucks-3.2.3.tgz#1b33615247290e94e28263b5d855ece765648a31"
  integrity sha512-psb6xjLj47+fE76JdZwskvwG4MYsQKXUtMsPh6U0YMvmyjRtKRFcxnlXGWglNybtNTNVmGdp94K62/+NjF5FDQ==
  dependencies:
    a-sync-waterfall "^1.0.0"
    asap "^2.0.3"
    commander "^5.1.0"

spectrum-colorpicker2@^2.0.8:
  version "2.0.8"
  resolved "https://registry.yarnpkg.com/spectrum-colorpicker2/-/spectrum-colorpicker2-2.0.8.tgz#674faef7e1ca05d9339b33fa00061a0bc3517c25"
  integrity sha512-z8Wlww/SgRbMgwgljfPxA3HNJMRQ0PRKB9ef0bKVDB1EeSR+MsC0KuOjt9H/R/CdAIoBmvKJEfIAvWS4PQpL0Q==

string.prototype.repeat@^0.2.0:
  version "0.2.0"
  resolved "https://registry.yarnpkg.com/string.prototype.repeat/-/string.prototype.repeat-0.2.0.tgz#aba36de08dcee6a5a337d49b2ea1da1b28fc0ecf"
  integrity sha1-q6Nt4I3O5qWjN9SbLqHaGyj8Ds8=

tinycolor2@^1.4.1:
  version "1.4.2"
  resolved "https://registry.yarnpkg.com/tinycolor2/-/tinycolor2-1.4.2.tgz#3f6a4d1071ad07676d7fa472e1fac40a719d8803"
  integrity sha512-vJhccZPs965sV/L2sU4oRQVAos0pQXwsvTLkWYdqJ+a8Q5kPFzJTuOFwy7UniPli44NKQGAglksjvOcpo95aZA==

tr46@~0.0.3:
  version "0.0.3"
  resolved "https://registry.yarnpkg.com/tr46/-/tr46-0.0.3.tgz#8184fd347dac9cdc185992f3a6622e14b9d9ab6a"
  integrity sha1-gYT9NH2snNwYWZLzpmIuFLnZq2o=

type@^1.0.1:
  version "1.2.0"
  resolved "https://registry.yarnpkg.com/type/-/type-1.2.0.tgz#848dd7698dafa3e54a6c479e759c4bc3f18847a0"
  integrity sha512-+5nt5AAniqsCnu2cEQQdpzCAh33kVx8n0VoFidKpB1dVVLAN/F+bgVOqOJqOnEnrhp222clB5p3vUlD+1QAnfg==

type@^2.5.0:
  version "2.5.0"
  resolved "https://registry.yarnpkg.com/type/-/type-2.5.0.tgz#0a2e78c2e77907b252abe5f298c1b01c63f0db3d"
  integrity sha512-180WMDQaIMm3+7hGXWf12GtdniDEy7nYcyFMKJn/eZz/6tSLXrUN9V0wKSbMjej0I1WHWbpREDEKHtqPQa9NNw==

universal-geocoder@^0.14.2:
  version "0.14.2"
  resolved "https://registry.yarnpkg.com/universal-geocoder/-/universal-geocoder-0.14.2.tgz#185cfd6e613937ee83919f90d8a7044332692224"
  integrity sha512-QNPP17i6OEyWPE13vnMuymCE1iUKEyz1zYB+rLoiaFjaajdqcQw8/8Wh0JEu2z8OFkGhuhZE+Ivq08CayV3rEQ==
  dependencies:
    "@types/geojson" "*"
    cross-fetch "^3.0.0"

vue-select@^3.13.0:
  version "3.16.0"
  resolved "https://registry.yarnpkg.com/vue-select/-/vue-select-3.16.0.tgz#db2ee2ddf80bd8876ce57738107b8a1a741862f4"
  integrity sha512-F0x7HXTUc5eq7YSjR0uX77RGA+Yk2+I8aMW+NePyPqRX9OPSiDtKpezFIFhnhxqrOvMh4uVR0jHkXIDmzs6nYQ==

vue2-leaflet@^2.7.1:
  version "2.7.1"
  resolved "https://registry.yarnpkg.com/vue2-leaflet/-/vue2-leaflet-2.7.1.tgz#2f95c287621bf778f10804c88223877f5c049257"
  integrity sha512-K7HOlzRhjt3Z7+IvTqEavIBRbmCwSZSCVUlz9u4Rc+3xGCLsHKz4TAL4diAmfHElCQdPPVdZdJk8wPUt2fu6WQ==

vue@^2.6.14:
  version "2.6.14"
  resolved "https://registry.yarnpkg.com/vue/-/vue-2.6.14.tgz#e51aa5250250d569a3fbad3a8a5a687d6036e235"
  integrity sha512-x2284lgYvjOMj3Za7kqzRcUSxBboHqtgRE2zlos1qWaOye5yUmHn42LB1250NJBLRwEcdrB0JRwyPTEPhfQjiQ==

webidl-conversions@^3.0.0:
  version "3.0.1"
  resolved "https://registry.yarnpkg.com/webidl-conversions/-/webidl-conversions-3.0.1.tgz#24534275e2a7bc6be7bc86611cc16ae0a5654871"
  integrity sha1-JFNCdeKnvGvnvIZhHMFq4KVlSHE=

whatwg-url@^5.0.0:
  version "5.0.0"
  resolved "https://registry.yarnpkg.com/whatwg-url/-/whatwg-url-5.0.0.tgz#966454e8765462e37644d3626f6742ce8b70965d"
  integrity sha1-lmRU6HZUYuN2RNNib2dCzotwll0=
  dependencies:
    tr46 "~0.0.3"
    webidl-conversions "^3.0.0"
